
Microsoft Visual Studio Solution File, Format Version 12.00
# Visual Studio 2013
VisualStudioVersion = 12.0.30501.0
MinimumVisualStudioVersion = 10.0.40219.1
Project("{FAE04EC0-301F-11D3-BF4B-00C04F79EFBC}") = "WebApiGzip", "WebApiGzip\WebApiGzip.csproj", "{EE95B7A4-4DAF-4BC8-912F-1E1E4BBC5544}"
EndProject
Global
	GlobalSection(SolutionConfigurationPlatforms) = preSolution
		Debug|Any CPU = Debug|Any CPU
		Release|Any CPU = Release|Any CPU
	EndGlobalSection
	GlobalSection(ProjectConfigurationPlatforms) = postSolution
		{EE95B7A4-4DAF-4BC8-912F-1E1E4BBC5544}.Debug|Any CPU.ActiveCfg = Debug|Any CPU
		{EE95B7A4-4DAF-4BC8-912F-1E1E4BBC5544}.Debug|Any CPU.Build.0 = Debug|Any CPU
		{EE95B7A4-4DAF-4BC8-912F-1E1E4BBC5544}.Release|Any CPU.ActiveCfg = Release|Any CPU
		{EE95B7A4-4DAF-4BC8-912F-1E1E4BBC5544}.Release|Any CPU.Build.0 = Release|Any CPU
	EndGlobalSection
	GlobalSection(SolutionProperties) = preSolution
		HideSolutionNode = FALSE
	EndGlobalSection
EndGlobal
